
Microsoft Visual Studio Solution File, Format Version 12.00
# Visual Studio Version 17
VisualStudioVersion = 17.1.32414.318
MinimumVisualStudioVersion = 10.0.40219.1
Project("{FAE04EC0-301F-11D3-BF4B-00C04F79EFBC}") = "Movie.Api", "Movie.Api\Movie.Api.csproj", "{3BDF0780-0429-4C36-8FD8-1052033D4A51}"
EndProject
Global
	GlobalSection(SolutionConfigurationPlatforms) = preSolution
		Debug|Any CPU = Debug|Any CPU
		Release|Any CPU = Release|Any CPU
	EndGlobalSection
	GlobalSection(ProjectConfigurationPlatforms) = postSolution
		{3BDF0780-0429-4C36-8FD8-1052033D4A51}.Debug|Any CPU.ActiveCfg = Debug|Any CPU
		{3BDF0780-0429-4C36-8FD8-1052033D4A51}.Debug|Any CPU.Build.0 = Debug|Any CPU
		{3BDF0780-0429-4C36-8FD8-1052033D4A51}.Release|Any CPU.ActiveCfg = Release|Any CPU
		{3BDF0780-0429-4C36-8FD8-1052033D4A51}.Release|Any CPU.Build.0 = Release|Any CPU
	EndGlobalSection
	GlobalSection(SolutionProperties) = preSolution
		HideSolutionNode = FALSE
	EndGlobalSection
	GlobalSection(ExtensibilityGlobals) = postSolution
		SolutionGuid = {F9B24E95-D847-43E4-9392-C0C16271DAEB}
	EndGlobalSection
EndGlobal
